
Microsoft Visual Studio Solution File, Format Version 12.00
# Visual Studio Version 16
VisualStudioVersion = 16.0.29911.84
MinimumVisualStudioVersion = 10.0.40219.1
Project("{FAE04EC0-301F-11D3-BF4B-00C04F79EFBC}") = "N-dimensionalPerchOptimizer", "N-dimensionalPerchOptimizer\N-dimensionalPerchOptimizer.csproj", "{FDD10EB6-F04E-44FF-A011-09F21215C5E4}"
EndProject
Global
	GlobalSection(SolutionConfigurationPlatforms) = preSolution
		Debug|Any CPU = Debug|Any CPU
		Release|Any CPU = Release|Any CPU
	EndGlobalSection
	GlobalSection(ProjectConfigurationPlatforms) = postSolution
		{FDD10EB6-F04E-44FF-A011-09F21215C5E4}.Debug|Any CPU.ActiveCfg = Debug|Any CPU
		{FDD10EB6-F04E-44FF-A011-09F21215C5E4}.Debug|Any CPU.Build.0 = Debug|Any CPU
		{FDD10EB6-F04E-44FF-A011-09F21215C5E4}.Release|Any CPU.ActiveCfg = Release|Any CPU
		{FDD10EB6-F04E-44FF-A011-09F21215C5E4}.Release|Any CPU.Build.0 = Release|Any CPU
	EndGlobalSection
	GlobalSection(SolutionProperties) = preSolution
		HideSolutionNode = FALSE
	EndGlobalSection
	GlobalSection(ExtensibilityGlobals) = postSolution
		SolutionGuid = {86EBCCF9-5E15-482D-BE48-3A83A5F117ED}
	EndGlobalSection
EndGlobal
